Microsoft Visual Studio Solution File, Format Version 9.00
# Visual Studio 2005
Project("{FAE04EC0-301F-11D3-BF4B-00C04F79EFBC}") = "PrintGridTitle", "PrintGridTitle.csproj", "{35961CA2-097F-4B17-82BB-B96493596C02}"
	ProjectSection(WebsiteProperties) = preProject
		Debug.AspNetCompiler.Debug = "True"
		Release.AspNetCompiler.Debug = "False"
	EndProjectSection
EndProject
Global
	GlobalSection(SolutionConfigurationPlatforms) = preSolution
		Debug|Any CPU = Debug|Any CPU
		Release|Any CPU = Release|Any CPU
	EndGlobalSection
	GlobalSection(ProjectConfigurationPlatforms) = postSolution
		{35961CA2-097F-4B17-82BB-B96493596C02}.Debug|Any CPU.ActiveCfg = Debug|Any CPU
		{35961CA2-097F-4B17-82BB-B96493596C02}.Debug|Any CPU.Build.0 = Debug|Any CPU
		{35961CA2-097F-4B17-82BB-B96493596C02}.Release|Any CPU.ActiveCfg = Release|Any CPU
		{35961CA2-097F-4B17-82BB-B96493596C02}.Release|Any CPU.Build.0 = Release|Any CPU
	EndGlobalSection
	GlobalSection(SolutionProperties) = preSolution
		HideSolutionNode = FALSE
	EndGlobalSection
EndGlobal
